
Microsoft Visual Studio Solution File, Format Version 12.00
# Visual Studio Version 16
VisualStudioVersion = 16.0.32413.511
MinimumVisualStudioVersion = 10.0.40219.1
Project("{FAE04EC0-301F-11D3-BF4B-00C04F79EFBC}") = "IMDB_falso", "IMDB_falso\IMDB_falso.csproj", "{84EEE506-4D04-438B-985C-48E2B92DF978}"
EndProject
Global
	GlobalSection(SolutionConfigurationPlatforms) = preSolution
		Debug|Any CPU = Debug|Any CPU
		Release|Any CPU = Release|Any CPU
	EndGlobalSection
	GlobalSection(ProjectConfigurationPlatforms) = postSolution
		{84EEE506-4D04-438B-985C-48E2B92DF978}.Debug|Any CPU.ActiveCfg = Debug|Any CPU
		{84EEE506-4D04-438B-985C-48E2B92DF978}.Debug|Any CPU.Build.0 = Debug|Any CPU
		{84EEE506-4D04-438B-985C-48E2B92DF978}.Release|Any CPU.ActiveCfg = Release|Any CPU
		{84EEE506-4D04-438B-985C-48E2B92DF978}.Release|Any CPU.Build.0 = Release|Any CPU
	EndGlobalSection
	GlobalSection(SolutionProperties) = preSolution
		HideSolutionNode = FALSE
	EndGlobalSection
	GlobalSection(ExtensibilityGlobals) = postSolution
		SolutionGuid = {550EB106-D6AE-433B-9BBA-05F863316A46}
	EndGlobalSection
EndGlobal
